// !$*UTF8*$!
{
	archiveVersion = 1;
	classes = {
	};
	objectVersion = 46;
	objects = {

/* Begin PBXBuildFile section */
		EAAEDB991F31159D00393C38 /* main.cpp in Sources */ = {isa = PBXBuildFile; fileRef = EAAEDB981F31159D00393C38 /* main.cpp */; };
		EAAEDBA11F3115C800393C38 /* Fahrzeug.cpp in Sources */ = {isa = PBXBuildFile; fileRef = EAAEDB9F1F3115C800393C38 /* Fahrzeug.cpp */; };
/* End PBXBuildFile section */

/* Begin PBXCopyFilesBuildPhase section */
		EAAEDB931F31159D00393C38 /* CopyFiles */ = {
			isa = PBXCopyFilesBuildPhase;
			buildActionMask = 2147483647;
			dstPath = /usr/share/man/man1/;
			dstSubfolderSpec = 0;
			files = (
			);
			runOnlyForDeploymentPostprocessing = 1;
		};
/* End PBXCopyFilesBuildPhase section */

/* Begin PBXFileReference section */
		EAAEDB951F31159D00393C38 /* PI02X */ = {isa = PBXFileReference; explicitFileType = "compiled.mach-o.executable"; includeInIndex = 0; path = PI02X; sourceTree = BUILT_PRODUCTS_DIR; };
		EAAEDB981F31159D00393C38 /* main.cpp */ = {isa = PBXFileReference; lastKnownFileType = sourcecode.cpp.cpp; path = main.cpp; sourceTree = "<group>"; };
		EAAEDB9F1F3115C800393C38 /* Fahrzeug.cpp */ = {isa = PBXFileReference; fileEncoding = 4; lastKnownFileType = sourcecode.cpp.cpp; name = Fahrzeug.cpp; path = A01/Fahrzeug.cpp; sourceTree = "<group>"; };
		EAAEDBA01F3115C800393C38 /* Fahrzeug.hpp */ = {isa = PBXFileReference; fileEncoding = 4; lastKnownFileType = sourcecode.cpp.h; name = Fahrzeug.hpp; path = A01/Fahrzeug.hpp; sourceTree = "<group>"; };
/* End PBXFileReference section */

/* Begin PBXFrameworksBuildPhase section */
		EAAEDB921F31159D00393C38 /* Frameworks */ = {
			isa = PBXFrameworksBuildPhase;
			buildActionMask = 2147483647;
			files = (
			);
			runOnlyForDeploymentPostprocessing = 0;
		};
/* End PBXFrameworksBuildPhase section */

/* Begin PBXGroup section */
		EAAEDB8C1F31159D00393C38 = {
			isa = PBXGroup;
			children = (
				EAAEDB971F31159D00393C38 /* PI02X */,
				EAAEDB961F31159D00393C38 /* Products */,
			);
			sourceTree = "<group>";
		};
		EAAEDB961F31159D00393C38 /* Products */ = {
			isa = PBXGroup;
			children = (
				EAAEDB951F31159D00393C38 /* PI02X */,
			);
			name = Products;
			sourceTree = "<group>";
		};
		EAAEDB971F31159D00393C38 /* PI02X */ = {
			isa = PBXGroup;
			children = (
				EAAEDB9F1F3115C800393C38 /* Fahrzeug.cpp */,
				EAAEDBA01F3115C800393C38 /* Fahrzeug.hpp */,
				EAAEDB981F31159D00393C38 /* main.cpp */,
			);
			path = PI02X;
			sourceTree = "<group>";
		};
/* End PBXGroup section */

/* Begin PBXNativeTarget section */
		EAAEDB941F31159D00393C38 /* PI02X */ = {
			isa = PBXNativeTarget;
			buildConfigurationList = EAAEDB9C1F31159D00393C38 /* Build configuration list for PBXNativeTarget "PI02X" */;
			buildPhases = (
				EAAEDB911F31159D00393C38 /* Sources */,
				EAAEDB921F31159D00393C38 /* Frameworks */,
				EAAEDB931F31159D00393C38 /* CopyFiles */,
			);
			buildRules = (
			);
			dependencies = (
			);
			name = PI02X;
			productName = PI02X;
			productReference = EAAEDB951F31159D00393C38 /* PI02X */;
			productType = "com.apple.product-type.tool";
		};
/* End PBXNativeTarget section */

/* Begin PBXProject section */
		EAAEDB8D1F31159D00393C38 /* Project object */ = {
			isa = PBXProject;
			attributes = {
				LastUpgradeCheck = 0820;
				ORGANIZATIONNAME = "Ruiheng Wu";
				TargetAttributes = {
					EAAEDB941F31159D00393C38 = {
						CreatedOnToolsVersion = 8.2.1;
						ProvisioningStyle = Automatic;
					};
				};
			};
			buildConfigurationList = EAAEDB901F31159D00393C38 /* Build configuration list for PBXProject "PI02X" */;
			compatibilityVersion = "Xcode 3.2";
			developmentRegion = English;
			hasScannedForEncodings = 0;
			knownRegions = (
				en,
			);
			mainGroup = EAAEDB8C1F31159D00393C38;
			productRefGroup = EAAEDB961F31159D00393C38 /* Products */;
			projectDirPath = "";
			projectRoot = "";
			targets = (
				EAAEDB941F31159D00393C38 /* PI02X */,
			);
		};
/* End PBXProject section */

/* Begin PBXSourcesBuildPhase section */
		EAAEDB911F31159D00393C38 /* Sources */ = {
			isa = PBXSourcesBuildPhase;
			buildActionMask = 2147483647;
			files = (
				EAAEDB991F31159D00393C38 /* main.cpp in Sources */,
				EAAEDBA11F3115C800393C38 /* Fahrzeug.cpp in Sources */,
			);
			runOnlyForDeploymentPostprocessing = 0;
		};
/* End PBXSourcesBuildPhase section */

/* Begin XCBuildConfiguration section */
		EAAEDB9A1F31159D00393C38 /* Debug */ = {
			isa = XCBuildConfiguration;
			buildSettings = {
				ALWAYS_SEARCH_USER_PATHS = NO;
				CLANG_ANALYZER_NONNULL = YES;
				CLANG_CXX_LANGUAGE_STANDARD = "gnu++0x";
				CLANG_CXX_LIBRARY = "libc++";
				CLANG_ENABLE_MODULES = YES;
				CLANG_ENABLE_OBJC_ARC = YES;
				CLANG_WARN_BOOL_CONVERSION = YES;
				CLANG_WARN_CONSTANT_CONVERSION = YES;
				CLANG_WARN_DIRECT_OBJC_ISA_USAGE = YES_ERROR;
				CLANG_WARN_DOCUMENTATION_COMMENTS = YES;
				CLANG_WARN_EMPTY_BODY = YES;
				CLANG_WARN_ENUM_CONVERSION = YES;
				CLANG_WARN_INFINITE_RECURSION = YES;
				CLANG_WARN_INT_CONVERSION = YES;
				CLANG_WARN_OBJC_ROOT_CLASS = YES_ERROR;
				CLANG_WARN_SUSPICIOUS_MOVE = YES;
				CLANG_WARN_UNREACHABLE_CODE = YES;
				CLANG_WARN__DUPLICATE_METHOD_MATCH = YES;
				CODE_SIGN_IDENTITY = "-";
				COPY_PHASE_STRIP = NO;
				DEBUG_INFORMATION_FORMAT = dwarf;
				ENABLE_STRICT_OBJC_MSGSEND = YES;
				ENABLE_TESTABILITY = YES;
				GCC_C_LANGUAGE_STANDARD = gnu99;
				GCC_DYNAMIC_NO_PIC = NO;
				GCC_NO_COMMON_BLOCKS = YES;
				GCC_OPTIMIZATION_LEVEL = 0;
				GCC_PREPROCESSOR_DEFINITIONS = (
					"DEBUG=1",
					"$(inherited)",
				);
				GCC_WARN_64_TO_32_BIT_CONVERSION = YES;
				GCC_WARN_ABOUT_RETURN_TYPE = YES_ERROR;
				GCC_WARN_UNDECLARED_SELECTOR = YES;
				GCC_WARN_UNINITIALIZED_AUTOS = YES_AGGRESSIVE;
				GCC_WARN_UNUSED_FUNCTION = YES;
				GCC_WARN_UNUSED_VARIABLE = YES;
				MACOSX_DEPLOYMENT_TARGET = 10.11;
				MTL_ENABLE_DEBUG_INFO = YES;
				ONLY_ACTIVE_ARCH = YES;
				SDKROOT = macosx;
			};
			name = Debug;
		};
		EAAEDB9B1F31159D00393C38 /* Release */ = {
			isa = XCBuildConfiguration;
			buildSettings = {
				ALWAYS_SEARCH_USER_PATHS = NO;
				CLANG_ANALYZER_NONNULL = YES;
				CLANG_CXX_LANGUAGE_STANDARD = "gnu++0x";
				CLANG_CXX_LIBRARY = "libc++";
				CLANG_ENABLE_MODULES = YES;
				CLANG_ENABLE_OBJC_ARC = YES;
				CLANG_WARN_BOOL_CONVERSION = YES;
				CLANG_WARN_CONSTANT_CONVERSION = YES;
				CLANG_WARN_DIRECT_OBJC_ISA_USAGE = YES_ERROR;
				CLANG_WARN_DOCUMENTATION_COMMENTS = YES;
				CLANG_WARN_EMPTY_BODY = YES;
				CLANG_WARN_ENUM_CONVERSION = YES;
				CLANG_WARN_INFINITE_RECURSION = YES;
				CLANG_WARN_INT_CONVERSION = YES;
				CLANG_WARN_OBJC_ROOT_CLASS = YES_ERROR;
				CLANG_WARN_SUSPICIOUS_MOVE = YES;
				CLANG_WARN_UNREACHABLE_CODE = YES;
				CLANG_WARN__DUPLICATE_METHOD_MATCH = YES;
				CODE_SIGN_IDENTITY = "-";
				COPY_PHASE_STRIP = NO;
				DEBUG_INFORMATION_FORMAT = "dwarf-with-dsym";
				ENABLE_NS_ASSERTIONS = NO;
				ENABLE_STRICT_OBJC_MSGSEND = YES;
				GCC_C_LANGUAGE_STANDARD = gnu99;
				GCC_NO_COMMON_BLOCKS = YES;
				GCC_WARN_64_TO_32_BIT_CONVERSION = YES;
				GCC_WARN_ABOUT_RETURN_TYPE = YES_ERROR;
				GCC_WARN_UNDECLARED_SELECTOR = YES;
				GCC_WARN_UNINITIALIZED_AUTOS = YES_AGGRESSIVE;
				GCC_WARN_UNUSED_FUNCTION = YES;
				GCC_WARN_UNUSED_VARIABLE = YES;
				MACOSX_DEPLOYMENT_TARGET = 10.11;
				MTL_ENABLE_DEBUG_INFO = NO;
				SDKROOT = macosx;
			};
			name = Release;
		};
		EAAEDB9D1F31159D00393C38 /* Debug */ = {
			isa = XCBuildConfiguration;
			buildSettings = {
				PRODUCT_NAME = "$(TARGET_NAME)";
			};
			name = Debug;
		};
		EAAEDB9E1F31159D00393C38 /* Release */ = {
			isa = XCBuildConfiguration;
			buildSettings = {
				PRODUCT_NAME = "$(TARGET_NAME)";
			};
			name = Release;
		};
/* End XCBuildConfiguration section */

/* Begin XCConfigurationList section */
		EAAEDB901F31159D00393C38 /* Build configuration list for PBXProject "PI02X" */ = {
			isa = XCConfigurationList;
			buildConfigurations = (
				EAAEDB9A1F31159D00393C38 /* Debug */,
				EAAEDB9B1F31159D00393C38 /* Release */,
			);
			defaultConfigurationIsVisible = 0;
			defaultConfigurationName = Release;
		};
		EAAEDB9C1F31159D00393C38 /* Build configuration list for PBXNativeTarget "PI02X" */ = {
			isa = XCConfigurationList;
			buildConfigurations = (
				EAAEDB9D1F31159D00393C38 /* Debug */,
				EAAEDB9E1F31159D00393C38 /* Release */,
			);
			defaultConfigurationIsVisible = 0;
		};
/* End XCConfigurationList section */
	};
	rootObject = EAAEDB8D1F31159D00393C38 /* Project object */;
}
